
Microsoft Visual Studio Solution File, Format Version 12.00
# Visual Studio Version 17
VisualStudioVersion = 17.9.34728.123
MinimumVisualStudioVersion = 10.0.40219.1
Project("{F2A71F9B-5D33-465A-A702-920D77279786}") = "BasicConsoleApp", "BasicConsoleApp\BasicConsoleApp.fsproj", "{303443C9-8BC6-4EB3-8394-75C4673F914C}"
EndProject
Project("{F2A71F9B-5D33-465A-A702-920D77279786}") = "Tutorial", "Tutorial\Tutorial.fsproj", "{4C7B53F7-EB58-4220-9F67-ED422596F553}"
EndProject
Global
	GlobalSection(SolutionConfigurationPlatforms) = preSolution
		Debug|Any CPU = Debug|Any CPU
		Release|Any CPU = Release|Any CPU
	EndGlobalSection
	GlobalSection(ProjectConfigurationPlatforms) = postSolution
		{303443C9-8BC6-4EB3-8394-75C4673F914C}.Debug|Any CPU.ActiveCfg = Debug|Any CPU
		{303443C9-8BC6-4EB3-8394-75C4673F914C}.Debug|Any CPU.Build.0 = Debug|Any CPU
		{303443C9-8BC6-4EB3-8394-75C4673F914C}.Release|Any CPU.ActiveCfg = Release|Any CPU
		{303443C9-8BC6-4EB3-8394-75C4673F914C}.Release|Any CPU.Build.0 = Release|Any CPU
		{4C7B53F7-EB58-4220-9F67-ED422596F553}.Debug|Any CPU.ActiveCfg = Debug|Any CPU
		{4C7B53F7-EB58-4220-9F67-ED422596F553}.Debug|Any CPU.Build.0 = Debug|Any CPU
		{4C7B53F7-EB58-4220-9F67-ED422596F553}.Release|Any CPU.ActiveCfg = Release|Any CPU
		{4C7B53F7-EB58-4220-9F67-ED422596F553}.Release|Any CPU.Build.0 = Release|Any CPU
	EndGlobalSection
	GlobalSection(SolutionProperties) = preSolution
		HideSolutionNode = FALSE
	EndGlobalSection
	GlobalSection(ExtensibilityGlobals) = postSolution
		SolutionGuid = {570B11A3-BC71-45E1-8014-78363649E35C}
	EndGlobalSection
EndGlobal
